
Microsoft Visual Studio Solution File, Format Version 12.00
# Visual Studio Version 17
VisualStudioVersion = 17.0.31903.59
MinimumVisualStudioVersion = 10.0.40219.1
Project("{2150E333-8FDC-42A3-9474-1A3956D46DE8}") = "Solution Items", "Solution Items", "{6D9F57CD-6175-4C4A-B291-B6A8D02FAA4A}"
	ProjectSection(SolutionItems) = preProject
		.editorconfig = .editorconfig
		.gitignore = .gitignore
		LICENSE = LICENSE
		README.md = README.md
		Solution.Build.props = Solution.Build.props
		Solution.ruleset = Solution.ruleset
		Solution.Tests.props = Solution.Tests.props
		stylecop.json = stylecop.json
	EndProjectSection
EndProject
Project("{9A19103F-16F7-4668-BE54-9A1E7A4F7556}") = "RichillCapital.Presentation.Abstractions", "RichillCapital.Presentation.Abstractions.csproj", "{C3CF0197-1A9D-4D9C-949C-6543BBF02E3E}"
EndProject
Project("{2150E333-8FDC-42A3-9474-1A3956D46DE8}") = "Tests", "Tests", "{000F2340-8679-410D-B4AD-9D877BB0C03D}"
EndProject
Global
	GlobalSection(SolutionConfigurationPlatforms) = preSolution
		Debug|Any CPU = Debug|Any CPU
		Release|Any CPU = Release|Any CPU
	EndGlobalSection
	GlobalSection(ProjectConfigurationPlatforms) = postSolution
		{C3CF0197-1A9D-4D9C-949C-6543BBF02E3E}.Debug|Any CPU.ActiveCfg = Debug|Any CPU
		{C3CF0197-1A9D-4D9C-949C-6543BBF02E3E}.Debug|Any CPU.Build.0 = Debug|Any CPU
		{C3CF0197-1A9D-4D9C-949C-6543BBF02E3E}.Release|Any CPU.ActiveCfg = Release|Any CPU
		{C3CF0197-1A9D-4D9C-949C-6543BBF02E3E}.Release|Any CPU.Build.0 = Release|Any CPU
	EndGlobalSection
	GlobalSection(SolutionProperties) = preSolution
		HideSolutionNode = FALSE
	EndGlobalSection
EndGlobal
